
Microsoft Visual Studio Solution File, Format Version 12.00
# Visual Studio Version 17
VisualStudioVersion = 17.7.34024.191
MinimumVisualStudioVersion = 10.0.40219.1
Project("{9A19103F-16F7-4668-BE54-9A1E7A4F7556}") = "IfAndSwitch", "IfAndSwitch\IfAndSwitch.csproj", "{D23DCCD0-E5D1-4B4D-8FBE-86B7A7945423}"
EndProject
Project("{9A19103F-16F7-4668-BE54-9A1E7A4F7556}") = "IfDayOfTheWeek", "..\IfDayOfTheWeek\IfDayOfTheWeek.csproj", "{402D4084-3783-4F5C-88BC-F51D8439DD96}"
EndProject
Project("{9A19103F-16F7-4668-BE54-9A1E7A4F7556}") = "SwitchDayOfTheWeek", "..\SwitchDayOfTheWeek\SwitchDayOfTheWeek.csproj", "{6305FD88-729D-4663-AC2B-BCDACDB1341E}"
EndProject
Global
	GlobalSection(SolutionConfigurationPlatforms) = preSolution
		Debug|Any CPU = Debug|Any CPU
		Release|Any CPU = Release|Any CPU
	EndGlobalSection
	GlobalSection(ProjectConfigurationPlatforms) = postSolution
		{D23DCCD0-E5D1-4B4D-8FBE-86B7A7945423}.Debug|Any CPU.ActiveCfg = Debug|Any CPU
		{D23DCCD0-E5D1-4B4D-8FBE-86B7A7945423}.Debug|Any CPU.Build.0 = Debug|Any CPU
		{D23DCCD0-E5D1-4B4D-8FBE-86B7A7945423}.Release|Any CPU.ActiveCfg = Release|Any CPU
		{D23DCCD0-E5D1-4B4D-8FBE-86B7A7945423}.Release|Any CPU.Build.0 = Release|Any CPU
		{402D4084-3783-4F5C-88BC-F51D8439DD96}.Debug|Any CPU.ActiveCfg = Debug|Any CPU
		{402D4084-3783-4F5C-88BC-F51D8439DD96}.Debug|Any CPU.Build.0 = Debug|Any CPU
		{402D4084-3783-4F5C-88BC-F51D8439DD96}.Release|Any CPU.ActiveCfg = Release|Any CPU
		{402D4084-3783-4F5C-88BC-F51D8439DD96}.Release|Any CPU.Build.0 = Release|Any CPU
		{6305FD88-729D-4663-AC2B-BCDACDB1341E}.Debug|Any CPU.ActiveCfg = Debug|Any CPU
		{6305FD88-729D-4663-AC2B-BCDACDB1341E}.Debug|Any CPU.Build.0 = Debug|Any CPU
		{6305FD88-729D-4663-AC2B-BCDACDB1341E}.Release|Any CPU.ActiveCfg = Release|Any CPU
		{6305FD88-729D-4663-AC2B-BCDACDB1341E}.Release|Any CPU.Build.0 = Release|Any CPU
	EndGlobalSection
	GlobalSection(SolutionProperties) = preSolution
		HideSolutionNode = FALSE
	EndGlobalSection
	GlobalSection(ExtensibilityGlobals) = postSolution
		SolutionGuid = {F24B28DE-92B7-49EB-B8A8-D0DCB220022F}
	EndGlobalSection
EndGlobal
