
Microsoft Visual Studio Solution File, Format Version 12.00
# Visual Studio Version 17
VisualStudioVersion = 17.7.34024.191
MinimumVisualStudioVersion = 10.0.40219.1
Project("{FAE04EC0-301F-11D3-BF4B-00C04F79EFBC}") = "StringsAndArrays", "StringsAndArrays.csproj", "{BC9375A0-782A-490F-A573-2AB098B33DE8}"
EndProject
Project("{FAE04EC0-301F-11D3-BF4B-00C04F79EFBC}") = "Arrays", "..\Arrays\Arrays.csproj", "{1160903F-03C1-4DDF-8A98-F42E77083D77}"
EndProject
Project("{FAE04EC0-301F-11D3-BF4B-00C04F79EFBC}") = "ArrayNumber", "..\ArrayNumber\ArrayNumber.csproj", "{F847F241-A219-4386-90C6-AFF43FDAEFAF}"
EndProject
Project("{FAE04EC0-301F-11D3-BF4B-00C04F79EFBC}") = "RandomEle", "..\RandomEle\RandomEle.csproj", "{513D8EA4-5AE8-40D9-898F-D0796595D937}"
EndProject
Global
	GlobalSection(SolutionConfigurationPlatforms) = preSolution
		Debug|Any CPU = Debug|Any CPU
		Release|Any CPU = Release|Any CPU
	EndGlobalSection
	GlobalSection(ProjectConfigurationPlatforms) = postSolution
		{BC9375A0-782A-490F-A573-2AB098B33DE8}.Debug|Any CPU.ActiveCfg = Debug|Any CPU
		{BC9375A0-782A-490F-A573-2AB098B33DE8}.Debug|Any CPU.Build.0 = Debug|Any CPU
		{BC9375A0-782A-490F-A573-2AB098B33DE8}.Release|Any CPU.ActiveCfg = Release|Any CPU
		{BC9375A0-782A-490F-A573-2AB098B33DE8}.Release|Any CPU.Build.0 = Release|Any CPU
		{1160903F-03C1-4DDF-8A98-F42E77083D77}.Debug|Any CPU.ActiveCfg = Debug|Any CPU
		{1160903F-03C1-4DDF-8A98-F42E77083D77}.Debug|Any CPU.Build.0 = Debug|Any CPU
		{1160903F-03C1-4DDF-8A98-F42E77083D77}.Release|Any CPU.ActiveCfg = Release|Any CPU
		{1160903F-03C1-4DDF-8A98-F42E77083D77}.Release|Any CPU.Build.0 = Release|Any CPU
		{F847F241-A219-4386-90C6-AFF43FDAEFAF}.Debug|Any CPU.ActiveCfg = Debug|Any CPU
		{F847F241-A219-4386-90C6-AFF43FDAEFAF}.Debug|Any CPU.Build.0 = Debug|Any CPU
		{F847F241-A219-4386-90C6-AFF43FDAEFAF}.Release|Any CPU.ActiveCfg = Release|Any CPU
		{F847F241-A219-4386-90C6-AFF43FDAEFAF}.Release|Any CPU.Build.0 = Release|Any CPU
		{513D8EA4-5AE8-40D9-898F-D0796595D937}.Debug|Any CPU.ActiveCfg = Debug|Any CPU
		{513D8EA4-5AE8-40D9-898F-D0796595D937}.Debug|Any CPU.Build.0 = Debug|Any CPU
		{513D8EA4-5AE8-40D9-898F-D0796595D937}.Release|Any CPU.ActiveCfg = Release|Any CPU
		{513D8EA4-5AE8-40D9-898F-D0796595D937}.Release|Any CPU.Build.0 = Release|Any CPU
	EndGlobalSection
	GlobalSection(SolutionProperties) = preSolution
		HideSolutionNode = FALSE
	EndGlobalSection
	GlobalSection(ExtensibilityGlobals) = postSolution
		SolutionGuid = {E1CC04D6-E892-4BFC-BF2F-99CC5DCC6CE3}
	EndGlobalSection
EndGlobal
